
Microsoft Visual Studio Solution File, Format Version 12.00
# Visual Studio Version 16
VisualStudioVersion = 16.0.31005.135
MinimumVisualStudioVersion = 10.0.40219.1
Project("{9A19103F-16F7-4668-BE54-9A1E7A4F7556}") = "CovidSim", "CovidSim\CovidSim.csproj", "{4A14D3FE-A945-43D4-BA27-05B44A995427}"
EndProject
Project("{9A19103F-16F7-4668-BE54-9A1E7A4F7556}") = "ConsoleApp", "ConsoleApp\ConsoleApp.csproj", "{F17EF84D-BE5C-43C3-9FCA-5F947FD2EB1D}"
EndProject
Project("{9A19103F-16F7-4668-BE54-9A1E7A4F7556}") = "NUnitTests", "NUnitTests\NUnitTests.csproj", "{A07DC32A-B7FD-448F-8A54-B320DB0E8DA6}"
EndProject
Project("{9A19103F-16F7-4668-BE54-9A1E7A4F7556}") = "CovidSimML.Model", "CovidSimML.Model\CovidSimML.Model.csproj", "{97F24B6D-DD76-4730-87EB-C4781B9A9C97}"
EndProject
Project("{9A19103F-16F7-4668-BE54-9A1E7A4F7556}") = "CovidSimML.ConsoleApp", "CovidSimML.ConsoleApp\CovidSimML.ConsoleApp.csproj", "{FE11FF86-C673-45BB-881E-5075D337CB60}"
EndProject
Global
	GlobalSection(SolutionConfigurationPlatforms) = preSolution
		Debug|Any CPU = Debug|Any CPU
		Release|Any CPU = Release|Any CPU
	EndGlobalSection
	GlobalSection(ProjectConfigurationPlatforms) = postSolution
		{4A14D3FE-A945-43D4-BA27-05B44A995427}.Debug|Any CPU.ActiveCfg = Debug|Any CPU
		{4A14D3FE-A945-43D4-BA27-05B44A995427}.Debug|Any CPU.Build.0 = Debug|Any CPU
		{4A14D3FE-A945-43D4-BA27-05B44A995427}.Release|Any CPU.ActiveCfg = Release|Any CPU
		{4A14D3FE-A945-43D4-BA27-05B44A995427}.Release|Any CPU.Build.0 = Release|Any CPU
		{F17EF84D-BE5C-43C3-9FCA-5F947FD2EB1D}.Debug|Any CPU.ActiveCfg = Debug|Any CPU
		{F17EF84D-BE5C-43C3-9FCA-5F947FD2EB1D}.Debug|Any CPU.Build.0 = Debug|Any CPU
		{F17EF84D-BE5C-43C3-9FCA-5F947FD2EB1D}.Release|Any CPU.ActiveCfg = Release|Any CPU
		{F17EF84D-BE5C-43C3-9FCA-5F947FD2EB1D}.Release|Any CPU.Build.0 = Release|Any CPU
		{A07DC32A-B7FD-448F-8A54-B320DB0E8DA6}.Debug|Any CPU.ActiveCfg = Debug|Any CPU
		{A07DC32A-B7FD-448F-8A54-B320DB0E8DA6}.Debug|Any CPU.Build.0 = Debug|Any CPU
		{A07DC32A-B7FD-448F-8A54-B320DB0E8DA6}.Release|Any CPU.ActiveCfg = Release|Any CPU
		{A07DC32A-B7FD-448F-8A54-B320DB0E8DA6}.Release|Any CPU.Build.0 = Release|Any CPU
		{97F24B6D-DD76-4730-87EB-C4781B9A9C97}.Debug|Any CPU.ActiveCfg = Debug|Any CPU
		{97F24B6D-DD76-4730-87EB-C4781B9A9C97}.Debug|Any CPU.Build.0 = Debug|Any CPU
		{97F24B6D-DD76-4730-87EB-C4781B9A9C97}.Release|Any CPU.ActiveCfg = Release|Any CPU
		{97F24B6D-DD76-4730-87EB-C4781B9A9C97}.Release|Any CPU.Build.0 = Release|Any CPU
		{FE11FF86-C673-45BB-881E-5075D337CB60}.Debug|Any CPU.ActiveCfg = Debug|Any CPU
		{FE11FF86-C673-45BB-881E-5075D337CB60}.Debug|Any CPU.Build.0 = Debug|Any CPU
		{FE11FF86-C673-45BB-881E-5075D337CB60}.Release|Any CPU.ActiveCfg = Release|Any CPU
		{FE11FF86-C673-45BB-881E-5075D337CB60}.Release|Any CPU.Build.0 = Release|Any CPU
	EndGlobalSection
	GlobalSection(SolutionProperties) = preSolution
		HideSolutionNode = FALSE
	EndGlobalSection
	GlobalSection(ExtensibilityGlobals) = postSolution
		SolutionGuid = {428A2BD7-9F7F-4582-87BA-4FEB4EED447F}
	EndGlobalSection
EndGlobal
